{
  "object": {
    "pins": [
      {
        "package": "N2StepSDK",
        "repositoryURL": "ssh://git@github.com/UbiqueInnovation/n2step-sdk-ios.git",
        "state": {
          "branch": "feature/spm",
          "revision": "825425c5963bf7fc96f3faee05da1e9a68b7ebe8",
          "version": null
        }
      },
      {
        "package": "SnapKit",
        "repositoryURL": "https://github.com/SnapKit/SnapKit",
        "state": {
          "branch": null,
          "revision": "d458564516e5676af9c70b4f4b2a9178294f1bc6",
          "version": "5.0.1"
        }
      },
      {
        "package": "SwiftProtobuf",
        "repositoryURL": "https://github.com/apple/swift-protobuf.git",
        "state": {
          "branch": "1.13.0",
          "revision": "426bef0ddfdc6449b7bd1418baafad6bbc56110b",
          "version": null
        }
      }
    ]
  },
  "version": 1
}
