{
  "object": {
    "pins": [
      {
        "package": "N2StepSDK",
        "repositoryURL": "ssh://git@github.com/UbiqueInnovation/n2step-sdk-ios.git",
        "state": {
          "branch": "develop",
          "revision": "eef6151f7698263cc5adca3563fced5ee47b0db6",
          "version": null
        }
      },
      {
        "package": "SnapKit",
        "repositoryURL": "https://github.com/SnapKit/SnapKit",
        "state": {
          "branch": null,
          "revision": "d458564516e5676af9c70b4f4b2a9178294f1bc6",
          "version": "5.0.1"
        }
      },
      {
        "package": "SwiftProtobuf",
        "repositoryURL": "https://github.com/apple/swift-protobuf.git",
        "state": {
          "branch": "1.13.0",
          "revision": "426bef0ddfdc6449b7bd1418baafad6bbc56110b",
          "version": null
        }
      },
      {
        "package": "Sodium",
        "repositoryURL": "https://github.com/UbiqueInnovation/swift-sodium.git",
        "state": {
          "branch": "feature/full-libsodium",
          "revision": "7c43f9a459f39dbdf3880e0729f7da5bca771900",
          "version": null
        }
      }
    ]
  },
  "version": 1
}
