{
  "object": {
    "pins": [
      {
        "package": "N2StepSDK",
        "repositoryURL": "https://github.com/UbiqueInnovation/n2step-sdk-ios",
        "state": {
          "branch": "develop",
          "revision": "9983657e58a17f2bf3677a4fa2bfc40c863134b0",
          "version": null
        }
      },
      {
        "package": "SnapKit",
        "repositoryURL": "https://github.com/SnapKit/SnapKit",
        "state": {
          "branch": null,
          "revision": "d458564516e5676af9c70b4f4b2a9178294f1bc6",
          "version": "5.0.1"
        }
      }
    ]
  },
  "version": 1
}
